{
  "name": "ecommerce",
  "lockfileVersion": 3,
  "requires": true,
  "packages": {
    "": {
      "dependencies": {
        "@tanstack/react-query-devtools": "^5.101.1"
      }
    },
    "node_modules/@tanstack/query-core": {
      "version": "5.101.1",
      "resolved": "https://registry.npmjs.org/@tanstack/query-core/-/query-core-5.101.1.tgz",
      "integrity": "sha512-Y6Y92dkXtNqx67m2pMSxUsA3zOCwv862JexZRP8/EPwvKXMPu9m8rv43spiXWzOUIggQ3SQApttALStzhA8B4g==",
      "license": "MIT",
      "peer": true,
      "funding": {
        "type": "github",
        "url": "https://github.com/sponsors/tannerlinsley"
      }
    },
    "node_modules/@tanstack/query-devtools": {
      "version": "5.101.1",
      "resolved": "https://registry.npmjs.org/@tanstack/query-devtools/-/query-devtools-5.101.1.tgz",
      "integrity": "sha512-37RQ9U2PxlXQiv1era2t+uHgVhmiyvxqTMu30+KoVf0rufiucu6rpGRKFJk61Wh5OAZFKqCQd6lxTzFWfLZiuQ==",
      "license": "MIT",
      "funding": {
        "type": "github",
        "url": "https://github.com/sponsors/tannerlinsley"
      }
    },
    "node_modules/@tanstack/react-query": {
      "version": "5.101.1",
      "resolved": "https://registry.npmjs.org/@tanstack/react-query/-/react-query-5.101.1.tgz",
      "integrity": "sha512-ZnONUuQKJe1bJMStXUL1s5uKN9FcfC28j5cK+iDZcdSHtUv1wtin1cGc/Oewhf2Oc4eKY7lggtpvT/AbMmhHew==",
      "license": "MIT",
      "peer": true,
      "dependencies": {
        "@tanstack/query-core": "5.101.1"
      },
      "funding": {
        "type": "github",
        "url": "https://github.com/sponsors/tannerlinsley"
      },
      "peerDependencies": {
        "react": "^18 || ^19"
      }
    },
    "node_modules/@tanstack/react-query-devtools": {
      "version": "5.101.1",
      "resolved": "https://registry.npmjs.org/@tanstack/react-query-devtools/-/react-query-devtools-5.101.1.tgz",
      "integrity": "sha512-OXFR9XKdEslraq3cpl3kCUeNvTIq/xGWEZiFZdn2bLB/q4WxSALMEDKYZ5yYjMQytsfnQxwQYqV4qtVEf0nuog==",
      "license": "MIT",
      "dependencies": {
        "@tanstack/query-devtools": "5.101.1"
      },
      "funding": {
        "type": "github",
        "url": "https://github.com/sponsors/tannerlinsley"
      },
      "peerDependencies": {
        "@tanstack/react-query": "^5.101.1",
        "react": "^18 || ^19"
      }
    },
    "node_modules/react": {
      "version": "19.2.7",
      "resolved": "https://registry.npmjs.org/react/-/react-19.2.7.tgz",
      "integrity": "sha512-HNe9WslTbXmFK8o8cmwgAeJFSBvt1bPdHCVKtaaV+WlAN36mpT4hcRpwbf3fY56ar2oIXzsBpOAiIRHAdY0OlQ==",
      "license": "MIT",
      "peer": true,
      "engines": {
        "node": ">=0.10.0"
      }
    }
  }
}
